
Microsoft Visual Studio Solution File, Format Version 12.00
# Visual Studio Version 17
VisualStudioVersion = 17.14.36203.30 d17.14
MinimumVisualStudioVersion = 10.0.40219.1
Project("{FAE04EC0-301F-11D3-BF4B-00C04F79EFBC}") = "SimpleShopAPI", "SimpleShopAPI\SimpleShopAPI.csproj", "{82729933-B33E-4A5E-A9F5-440E178D8430}"
EndProject
Project("{FAE04EC0-301F-11D3-BF4B-00C04F79EFBC}") = "DataAccessLayer", "Data\DataAccessLayer.csproj", "{029F5B4F-6D5C-439B-8E32-7D2A7441CB75}"
EndProject
Project("{FAE04EC0-301F-11D3-BF4B-00C04F79EFBC}") = "BusinessLogicLayer", "Services\BusinessLogicLayer.csproj", "{2C72F414-CC35-407E-87C5-403F3919CBE4}"
EndProject
Global
	GlobalSection(SolutionConfigurationPlatforms) = preSolution
		Debug|Any CPU = Debug|Any CPU
		Release|Any CPU = Release|Any CPU
	EndGlobalSection
	GlobalSection(ProjectConfigurationPlatforms) = postSolution
		{82729933-B33E-4A5E-A9F5-440E178D8430}.Debug|Any CPU.ActiveCfg = Debug|Any CPU
		{82729933-B33E-4A5E-A9F5-440E178D8430}.Debug|Any CPU.Build.0 = Debug|Any CPU
		{82729933-B33E-4A5E-A9F5-440E178D8430}.Release|Any CPU.ActiveCfg = Release|Any CPU
		{82729933-B33E-4A5E-A9F5-440E178D8430}.Release|Any CPU.Build.0 = Release|Any CPU
		{029F5B4F-6D5C-439B-8E32-7D2A7441CB75}.Debug|Any CPU.ActiveCfg = Debug|Any CPU
		{029F5B4F-6D5C-439B-8E32-7D2A7441CB75}.Debug|Any CPU.Build.0 = Debug|Any CPU
		{029F5B4F-6D5C-439B-8E32-7D2A7441CB75}.Release|Any CPU.ActiveCfg = Release|Any CPU
		{029F5B4F-6D5C-439B-8E32-7D2A7441CB75}.Release|Any CPU.Build.0 = Release|Any CPU
		{2C72F414-CC35-407E-87C5-403F3919CBE4}.Debug|Any CPU.ActiveCfg = Debug|Any CPU
		{2C72F414-CC35-407E-87C5-403F3919CBE4}.Debug|Any CPU.Build.0 = Debug|Any CPU
		{2C72F414-CC35-407E-87C5-403F3919CBE4}.Release|Any CPU.ActiveCfg = Release|Any CPU
		{2C72F414-CC35-407E-87C5-403F3919CBE4}.Release|Any CPU.Build.0 = Release|Any CPU
	EndGlobalSection
	GlobalSection(SolutionProperties) = preSolution
		HideSolutionNode = FALSE
	EndGlobalSection
	GlobalSection(ExtensibilityGlobals) = postSolution
		SolutionGuid = {A21C6563-0497-4745-9176-09BA4BEEFAA2}
	EndGlobalSection
EndGlobal
